
Microsoft Visual Studio Solution File, Format Version 12.00
# Visual Studio Version 16
VisualStudioVersion = 16.0.31129.286
MinimumVisualStudioVersion = 10.0.40219.1
Project("{9A19103F-16F7-4668-BE54-9A1E7A4F7556}") = "SteamAchievements", "SteamAchievements\SteamAchievements.csproj", "{55E3BB56-9CFA-4AC4-9AA4-6AC85BE6EFFE}"
EndProject
Project("{9A19103F-16F7-4668-BE54-9A1E7A4F7556}") = "Contracts", "Contracts\Contracts.csproj", "{9098FDC5-E7C8-4AC8-8255-55AF5F2D0977}"
EndProject
Project("{9A19103F-16F7-4668-BE54-9A1E7A4F7556}") = "LoggerService", "LoggerService\LoggerService.csproj", "{FB8D1D04-120C-4706-B9A4-CBB56E61C0E4}"
EndProject
Project("{FAE04EC0-301F-11D3-BF4B-00C04F79EFBC}") = "Entities", "Entities\Entities.csproj", "{32095CF0-A21C-4C12-8E88-31E40A19C4EB}"
EndProject
Global
	GlobalSection(SolutionConfigurationPlatforms) = preSolution
		Debug|Any CPU = Debug|Any CPU
		Release|Any CPU = Release|Any CPU
	EndGlobalSection
	GlobalSection(ProjectConfigurationPlatforms) = postSolution
		{55E3BB56-9CFA-4AC4-9AA4-6AC85BE6EFFE}.Debug|Any CPU.ActiveCfg = Debug|Any CPU
		{55E3BB56-9CFA-4AC4-9AA4-6AC85BE6EFFE}.Debug|Any CPU.Build.0 = Debug|Any CPU
		{55E3BB56-9CFA-4AC4-9AA4-6AC85BE6EFFE}.Release|Any CPU.ActiveCfg = Release|Any CPU
		{55E3BB56-9CFA-4AC4-9AA4-6AC85BE6EFFE}.Release|Any CPU.Build.0 = Release|Any CPU
		{9098FDC5-E7C8-4AC8-8255-55AF5F2D0977}.Debug|Any CPU.ActiveCfg = Debug|Any CPU
		{9098FDC5-E7C8-4AC8-8255-55AF5F2D0977}.Debug|Any CPU.Build.0 = Debug|Any CPU
		{9098FDC5-E7C8-4AC8-8255-55AF5F2D0977}.Release|Any CPU.ActiveCfg = Release|Any CPU
		{9098FDC5-E7C8-4AC8-8255-55AF5F2D0977}.Release|Any CPU.Build.0 = Release|Any CPU
		{FB8D1D04-120C-4706-B9A4-CBB56E61C0E4}.Debug|Any CPU.ActiveCfg = Debug|Any CPU
		{FB8D1D04-120C-4706-B9A4-CBB56E61C0E4}.Debug|Any CPU.Build.0 = Debug|Any CPU
		{FB8D1D04-120C-4706-B9A4-CBB56E61C0E4}.Release|Any CPU.ActiveCfg = Release|Any CPU
		{FB8D1D04-120C-4706-B9A4-CBB56E61C0E4}.Release|Any CPU.Build.0 = Release|Any CPU
		{32095CF0-A21C-4C12-8E88-31E40A19C4EB}.Debug|Any CPU.ActiveCfg = Debug|Any CPU
		{32095CF0-A21C-4C12-8E88-31E40A19C4EB}.Debug|Any CPU.Build.0 = Debug|Any CPU
		{32095CF0-A21C-4C12-8E88-31E40A19C4EB}.Release|Any CPU.ActiveCfg = Release|Any CPU
		{32095CF0-A21C-4C12-8E88-31E40A19C4EB}.Release|Any CPU.Build.0 = Release|Any CPU
	EndGlobalSection
	GlobalSection(SolutionProperties) = preSolution
		HideSolutionNode = FALSE
	EndGlobalSection
	GlobalSection(ExtensibilityGlobals) = postSolution
		SolutionGuid = {81100A58-EF7A-476F-BCBD-9714B5C5C72E}
	EndGlobalSection
EndGlobal
